hash: f5c38589c197d19c681bec27f9a05095e89843c43afe3b0a3654c91509c32fdd
updated: 2017-12-19T16:04:40.495012458-05:00
imports:
- name: github.com/hIMEI29A/gotorsocks
  version: b1924e129c4952b72f546adfdd5addfd9ecbfd74
- name: golang.org/x/net
  version: d866cfc389cec985d6fda2859936a575a55a3ab6
  subpackages:
  - html
  - html/atom
  - proxy
testImports: []
